
Microsoft Visual Studio Solution File, Format Version 12.00
# Visual Studio Version 17
VisualStudioVersion = 17.12.35527.113 d17.12
MinimumVisualStudioVersion = 10.0.40219.1
Project("{FAE04EC0-301F-11D3-BF4B-00C04F79EFBC}") = "HnswIndex", "HnswIndex\HnswIndex.csproj", "{8EAF02BD-CDBB-4A17-9417-6A59664BB594}"
EndProject
Project("{FAE04EC0-301F-11D3-BF4B-00C04F79EFBC}") = "Test.Ram", "Test.Ram\Test.Ram.csproj", "{5C782044-E6BA-481B-B3B8-0EB7EF772837}"
EndProject
Project("{FAE04EC0-301F-11D3-BF4B-00C04F79EFBC}") = "HnswIndex.RamStorage", "HnswIndex.RamStorage\HnswIndex.RamStorage.csproj", "{B74696C8-B0A7-40CF-98C3-45D2488960E1}"
EndProject
Global
	GlobalSection(SolutionConfigurationPlatforms) = preSolution
		Debug|Any CPU = Debug|Any CPU
		Release|Any CPU = Release|Any CPU
	EndGlobalSection
	GlobalSection(ProjectConfigurationPlatforms) = postSolution
		{8EAF02BD-CDBB-4A17-9417-6A59664BB594}.Debug|Any CPU.ActiveCfg = Debug|Any CPU
		{8EAF02BD-CDBB-4A17-9417-6A59664BB594}.Debug|Any CPU.Build.0 = Debug|Any CPU
		{8EAF02BD-CDBB-4A17-9417-6A59664BB594}.Release|Any CPU.ActiveCfg = Release|Any CPU
		{8EAF02BD-CDBB-4A17-9417-6A59664BB594}.Release|Any CPU.Build.0 = Release|Any CPU
		{5C782044-E6BA-481B-B3B8-0EB7EF772837}.Debug|Any CPU.ActiveCfg = Debug|Any CPU
		{5C782044-E6BA-481B-B3B8-0EB7EF772837}.Debug|Any CPU.Build.0 = Debug|Any CPU
		{5C782044-E6BA-481B-B3B8-0EB7EF772837}.Release|Any CPU.ActiveCfg = Release|Any CPU
		{5C782044-E6BA-481B-B3B8-0EB7EF772837}.Release|Any CPU.Build.0 = Release|Any CPU
		{B74696C8-B0A7-40CF-98C3-45D2488960E1}.Debug|Any CPU.ActiveCfg = Debug|Any CPU
		{B74696C8-B0A7-40CF-98C3-45D2488960E1}.Debug|Any CPU.Build.0 = Debug|Any CPU
		{B74696C8-B0A7-40CF-98C3-45D2488960E1}.Release|Any CPU.ActiveCfg = Release|Any CPU
		{B74696C8-B0A7-40CF-98C3-45D2488960E1}.Release|Any CPU.Build.0 = Release|Any CPU
	EndGlobalSection
	GlobalSection(SolutionProperties) = preSolution
		HideSolutionNode = FALSE
	EndGlobalSection
EndGlobal
