
Microsoft Visual Studio Solution File, Format Version 12.00
# Visual Studio Version 17
VisualStudioVersion = 17.12.35527.113
MinimumVisualStudioVersion = 10.0.40219.1
Project("{FAE04EC0-301F-11D3-BF4B-00C04F79EFBC}") = "HnswIndex", "HnswIndex\HnswIndex.csproj", "{8EAF02BD-CDBB-4A17-9417-6A59664BB594}"
EndProject
Project("{FAE04EC0-301F-11D3-BF4B-00C04F79EFBC}") = "HnswIndex.RamStorage", "HnswIndex.RamStorage\HnswIndex.RamStorage.csproj", "{B74696C8-B0A7-40CF-98C3-45D2488960E1}"
EndProject
Project("{FAE04EC0-301F-11D3-BF4B-00C04F79EFBC}") = "HnswIndex.SqliteStorage", "HnswIndex.SqliteStorage\HnswIndex.SqliteStorage.csproj", "{71F728A6-F5F0-47D8-9167-12602C6DF6BA}"
EndProject
Project("{FAE04EC0-301F-11D3-BF4B-00C04F79EFBC}") = "HnswIndex.Server", "HnswIndex.Server\HnswIndex.Server.csproj", "{D3E81BF3-1782-48D8-BEB2-66C4FD605201}"
EndProject
Project("{FAE04EC0-301F-11D3-BF4B-00C04F79EFBC}") = "Test.Shared", "Test.Shared\Test.Shared.csproj", "{68F79F38-4612-4D69-A2EB-AB81F0C54F44}"
EndProject
Project("{FAE04EC0-301F-11D3-BF4B-00C04F79EFBC}") = "Test.Automated", "Test.Automated\Test.Automated.csproj", "{FBDEA1CD-FA50-4CCA-B344-88DDB7E9730D}"
EndProject
Project("{FAE04EC0-301F-11D3-BF4B-00C04F79EFBC}") = "Test.XUnit", "Test.XUnit\Test.XUnit.csproj", "{1E9B9273-D759-4C63-95D7-444F9A184211}"
EndProject
Project("{FAE04EC0-301F-11D3-BF4B-00C04F79EFBC}") = "Test.NUnit", "Test.NUnit\Test.NUnit.csproj", "{ED5765BD-9488-4B0D-B083-D6C0D0496E8A}"
EndProject
Project("{FAE04EC0-301F-11D3-BF4B-00C04F79EFBC}") = "Test.MSTest", "Test.MSTest\Test.MSTest.csproj", "{E4BFF76B-27DE-4DB4-8286-A855CE24C13A}"
EndProject
Global
	GlobalSection(SolutionConfigurationPlatforms) = preSolution
		Debug|Any CPU = Debug|Any CPU
		Debug|x64 = Debug|x64
		Debug|x86 = Debug|x86
		Release|Any CPU = Release|Any CPU
		Release|x64 = Release|x64
		Release|x86 = Release|x86
	EndGlobalSection
	GlobalSection(ProjectConfigurationPlatforms) = postSolution
		{8EAF02BD-CDBB-4A17-9417-6A59664BB594}.Debug|Any CPU.ActiveCfg = Debug|Any CPU
		{8EAF02BD-CDBB-4A17-9417-6A59664BB594}.Debug|Any CPU.Build.0 = Debug|Any CPU
		{8EAF02BD-CDBB-4A17-9417-6A59664BB594}.Debug|x64.ActiveCfg = Debug|Any CPU
		{8EAF02BD-CDBB-4A17-9417-6A59664BB594}.Debug|x64.Build.0 = Debug|Any CPU
		{8EAF02BD-CDBB-4A17-9417-6A59664BB594}.Debug|x86.ActiveCfg = Debug|Any CPU
		{8EAF02BD-CDBB-4A17-9417-6A59664BB594}.Debug|x86.Build.0 = Debug|Any CPU
		{8EAF02BD-CDBB-4A17-9417-6A59664BB594}.Release|Any CPU.ActiveCfg = Release|Any CPU
		{8EAF02BD-CDBB-4A17-9417-6A59664BB594}.Release|Any CPU.Build.0 = Release|Any CPU
		{8EAF02BD-CDBB-4A17-9417-6A59664BB594}.Release|x64.ActiveCfg = Release|Any CPU
		{8EAF02BD-CDBB-4A17-9417-6A59664BB594}.Release|x64.Build.0 = Release|Any CPU
		{8EAF02BD-CDBB-4A17-9417-6A59664BB594}.Release|x86.ActiveCfg = Release|Any CPU
		{8EAF02BD-CDBB-4A17-9417-6A59664BB594}.Release|x86.Build.0 = Release|Any CPU
		{B74696C8-B0A7-40CF-98C3-45D2488960E1}.Debug|Any CPU.ActiveCfg = Debug|Any CPU
		{B74696C8-B0A7-40CF-98C3-45D2488960E1}.Debug|Any CPU.Build.0 = Debug|Any CPU
		{B74696C8-B0A7-40CF-98C3-45D2488960E1}.Debug|x64.ActiveCfg = Debug|Any CPU
		{B74696C8-B0A7-40CF-98C3-45D2488960E1}.Debug|x64.Build.0 = Debug|Any CPU
		{B74696C8-B0A7-40CF-98C3-45D2488960E1}.Debug|x86.ActiveCfg = Debug|Any CPU
		{B74696C8-B0A7-40CF-98C3-45D2488960E1}.Debug|x86.Build.0 = Debug|Any CPU
		{B74696C8-B0A7-40CF-98C3-45D2488960E1}.Release|Any CPU.ActiveCfg = Release|Any CPU
		{B74696C8-B0A7-40CF-98C3-45D2488960E1}.Release|Any CPU.Build.0 = Release|Any CPU
		{B74696C8-B0A7-40CF-98C3-45D2488960E1}.Release|x64.ActiveCfg = Release|Any CPU
		{B74696C8-B0A7-40CF-98C3-45D2488960E1}.Release|x64.Build.0 = Release|Any CPU
		{B74696C8-B0A7-40CF-98C3-45D2488960E1}.Release|x86.ActiveCfg = Release|Any CPU
		{B74696C8-B0A7-40CF-98C3-45D2488960E1}.Release|x86.Build.0 = Release|Any CPU
		{71F728A6-F5F0-47D8-9167-12602C6DF6BA}.Debug|Any CPU.ActiveCfg = Debug|Any CPU
		{71F728A6-F5F0-47D8-9167-12602C6DF6BA}.Debug|Any CPU.Build.0 = Debug|Any CPU
		{71F728A6-F5F0-47D8-9167-12602C6DF6BA}.Debug|x64.ActiveCfg = Debug|Any CPU
		{71F728A6-F5F0-47D8-9167-12602C6DF6BA}.Debug|x64.Build.0 = Debug|Any CPU
		{71F728A6-F5F0-47D8-9167-12602C6DF6BA}.Debug|x86.ActiveCfg = Debug|Any CPU
		{71F728A6-F5F0-47D8-9167-12602C6DF6BA}.Debug|x86.Build.0 = Debug|Any CPU
		{71F728A6-F5F0-47D8-9167-12602C6DF6BA}.Release|Any CPU.ActiveCfg = Release|Any CPU
		{71F728A6-F5F0-47D8-9167-12602C6DF6BA}.Release|Any CPU.Build.0 = Release|Any CPU
		{71F728A6-F5F0-47D8-9167-12602C6DF6BA}.Release|x64.ActiveCfg = Release|Any CPU
		{71F728A6-F5F0-47D8-9167-12602C6DF6BA}.Release|x64.Build.0 = Release|Any CPU
		{71F728A6-F5F0-47D8-9167-12602C6DF6BA}.Release|x86.ActiveCfg = Release|Any CPU
		{71F728A6-F5F0-47D8-9167-12602C6DF6BA}.Release|x86.Build.0 = Release|Any CPU
		{D3E81BF3-1782-48D8-BEB2-66C4FD605201}.Debug|Any CPU.ActiveCfg = Debug|Any CPU
		{D3E81BF3-1782-48D8-BEB2-66C4FD605201}.Debug|Any CPU.Build.0 = Debug|Any CPU
		{D3E81BF3-1782-48D8-BEB2-66C4FD605201}.Debug|x64.ActiveCfg = Debug|Any CPU
		{D3E81BF3-1782-48D8-BEB2-66C4FD605201}.Debug|x64.Build.0 = Debug|Any CPU
		{D3E81BF3-1782-48D8-BEB2-66C4FD605201}.Debug|x86.ActiveCfg = Debug|Any CPU
		{D3E81BF3-1782-48D8-BEB2-66C4FD605201}.Debug|x86.Build.0 = Debug|Any CPU
		{D3E81BF3-1782-48D8-BEB2-66C4FD605201}.Release|Any CPU.ActiveCfg = Release|Any CPU
		{D3E81BF3-1782-48D8-BEB2-66C4FD605201}.Release|Any CPU.Build.0 = Release|Any CPU
		{D3E81BF3-1782-48D8-BEB2-66C4FD605201}.Release|x64.ActiveCfg = Release|Any CPU
		{D3E81BF3-1782-48D8-BEB2-66C4FD605201}.Release|x64.Build.0 = Release|Any CPU
		{D3E81BF3-1782-48D8-BEB2-66C4FD605201}.Release|x86.ActiveCfg = Release|Any CPU
		{D3E81BF3-1782-48D8-BEB2-66C4FD605201}.Release|x86.Build.0 = Release|Any CPU
		{68F79F38-4612-4D69-A2EB-AB81F0C54F44}.Debug|Any CPU.ActiveCfg = Debug|Any CPU
		{68F79F38-4612-4D69-A2EB-AB81F0C54F44}.Debug|Any CPU.Build.0 = Debug|Any CPU
		{68F79F38-4612-4D69-A2EB-AB81F0C54F44}.Debug|x64.ActiveCfg = Debug|Any CPU
		{68F79F38-4612-4D69-A2EB-AB81F0C54F44}.Debug|x64.Build.0 = Debug|Any CPU
		{68F79F38-4612-4D69-A2EB-AB81F0C54F44}.Debug|x86.ActiveCfg = Debug|Any CPU
		{68F79F38-4612-4D69-A2EB-AB81F0C54F44}.Debug|x86.Build.0 = Debug|Any CPU
		{68F79F38-4612-4D69-A2EB-AB81F0C54F44}.Release|Any CPU.ActiveCfg = Release|Any CPU
		{68F79F38-4612-4D69-A2EB-AB81F0C54F44}.Release|Any CPU.Build.0 = Release|Any CPU
		{68F79F38-4612-4D69-A2EB-AB81F0C54F44}.Release|x64.ActiveCfg = Release|Any CPU
		{68F79F38-4612-4D69-A2EB-AB81F0C54F44}.Release|x64.Build.0 = Release|Any CPU
		{68F79F38-4612-4D69-A2EB-AB81F0C54F44}.Release|x86.ActiveCfg = Release|Any CPU
		{68F79F38-4612-4D69-A2EB-AB81F0C54F44}.Release|x86.Build.0 = Release|Any CPU
		{FBDEA1CD-FA50-4CCA-B344-88DDB7E9730D}.Debug|Any CPU.ActiveCfg = Debug|Any CPU
		{FBDEA1CD-FA50-4CCA-B344-88DDB7E9730D}.Debug|Any CPU.Build.0 = Debug|Any CPU
		{FBDEA1CD-FA50-4CCA-B344-88DDB7E9730D}.Debug|x64.ActiveCfg = Debug|Any CPU
		{FBDEA1CD-FA50-4CCA-B344-88DDB7E9730D}.Debug|x64.Build.0 = Debug|Any CPU
		{FBDEA1CD-FA50-4CCA-B344-88DDB7E9730D}.Debug|x86.ActiveCfg = Debug|Any CPU
		{FBDEA1CD-FA50-4CCA-B344-88DDB7E9730D}.Debug|x86.Build.0 = Debug|Any CPU
		{FBDEA1CD-FA50-4CCA-B344-88DDB7E9730D}.Release|Any CPU.ActiveCfg = Release|Any CPU
		{FBDEA1CD-FA50-4CCA-B344-88DDB7E9730D}.Release|Any CPU.Build.0 = Release|Any CPU
		{FBDEA1CD-FA50-4CCA-B344-88DDB7E9730D}.Release|x64.ActiveCfg = Release|Any CPU
		{FBDEA1CD-FA50-4CCA-B344-88DDB7E9730D}.Release|x64.Build.0 = Release|Any CPU
		{FBDEA1CD-FA50-4CCA-B344-88DDB7E9730D}.Release|x86.ActiveCfg = Release|Any CPU
		{FBDEA1CD-FA50-4CCA-B344-88DDB7E9730D}.Release|x86.Build.0 = Release|Any CPU
		{1E9B9273-D759-4C63-95D7-444F9A184211}.Debug|Any CPU.ActiveCfg = Debug|Any CPU
		{1E9B9273-D759-4C63-95D7-444F9A184211}.Debug|Any CPU.Build.0 = Debug|Any CPU
		{1E9B9273-D759-4C63-95D7-444F9A184211}.Debug|x64.ActiveCfg = Debug|Any CPU
		{1E9B9273-D759-4C63-95D7-444F9A184211}.Debug|x64.Build.0 = Debug|Any CPU
		{1E9B9273-D759-4C63-95D7-444F9A184211}.Debug|x86.ActiveCfg = Debug|Any CPU
		{1E9B9273-D759-4C63-95D7-444F9A184211}.Debug|x86.Build.0 = Debug|Any CPU
		{1E9B9273-D759-4C63-95D7-444F9A184211}.Release|Any CPU.ActiveCfg = Release|Any CPU
		{1E9B9273-D759-4C63-95D7-444F9A184211}.Release|Any CPU.Build.0 = Release|Any CPU
		{1E9B9273-D759-4C63-95D7-444F9A184211}.Release|x64.ActiveCfg = Release|Any CPU
		{1E9B9273-D759-4C63-95D7-444F9A184211}.Release|x64.Build.0 = Release|Any CPU
		{1E9B9273-D759-4C63-95D7-444F9A184211}.Release|x86.ActiveCfg = Release|Any CPU
		{1E9B9273-D759-4C63-95D7-444F9A184211}.Release|x86.Build.0 = Release|Any CPU
		{ED5765BD-9488-4B0D-B083-D6C0D0496E8A}.Debug|Any CPU.ActiveCfg = Debug|Any CPU
		{ED5765BD-9488-4B0D-B083-D6C0D0496E8A}.Debug|Any CPU.Build.0 = Debug|Any CPU
		{ED5765BD-9488-4B0D-B083-D6C0D0496E8A}.Debug|x64.ActiveCfg = Debug|Any CPU
		{ED5765BD-9488-4B0D-B083-D6C0D0496E8A}.Debug|x64.Build.0 = Debug|Any CPU
		{ED5765BD-9488-4B0D-B083-D6C0D0496E8A}.Debug|x86.ActiveCfg = Debug|Any CPU
		{ED5765BD-9488-4B0D-B083-D6C0D0496E8A}.Debug|x86.Build.0 = Debug|Any CPU
		{ED5765BD-9488-4B0D-B083-D6C0D0496E8A}.Release|Any CPU.ActiveCfg = Release|Any CPU
		{ED5765BD-9488-4B0D-B083-D6C0D0496E8A}.Release|Any CPU.Build.0 = Release|Any CPU
		{ED5765BD-9488-4B0D-B083-D6C0D0496E8A}.Release|x64.ActiveCfg = Release|Any CPU
		{ED5765BD-9488-4B0D-B083-D6C0D0496E8A}.Release|x64.Build.0 = Release|Any CPU
		{ED5765BD-9488-4B0D-B083-D6C0D0496E8A}.Release|x86.ActiveCfg = Release|Any CPU
		{ED5765BD-9488-4B0D-B083-D6C0D0496E8A}.Release|x86.Build.0 = Release|Any CPU
		{E4BFF76B-27DE-4DB4-8286-A855CE24C13A}.Debug|Any CPU.ActiveCfg = Debug|Any CPU
		{E4BFF76B-27DE-4DB4-8286-A855CE24C13A}.Debug|Any CPU.Build.0 = Debug|Any CPU
		{E4BFF76B-27DE-4DB4-8286-A855CE24C13A}.Debug|x64.ActiveCfg = Debug|Any CPU
		{E4BFF76B-27DE-4DB4-8286-A855CE24C13A}.Debug|x64.Build.0 = Debug|Any CPU
		{E4BFF76B-27DE-4DB4-8286-A855CE24C13A}.Debug|x86.ActiveCfg = Debug|Any CPU
		{E4BFF76B-27DE-4DB4-8286-A855CE24C13A}.Debug|x86.Build.0 = Debug|Any CPU
		{E4BFF76B-27DE-4DB4-8286-A855CE24C13A}.Release|Any CPU.ActiveCfg = Release|Any CPU
		{E4BFF76B-27DE-4DB4-8286-A855CE24C13A}.Release|Any CPU.Build.0 = Release|Any CPU
		{E4BFF76B-27DE-4DB4-8286-A855CE24C13A}.Release|x64.ActiveCfg = Release|Any CPU
		{E4BFF76B-27DE-4DB4-8286-A855CE24C13A}.Release|x64.Build.0 = Release|Any CPU
		{E4BFF76B-27DE-4DB4-8286-A855CE24C13A}.Release|x86.ActiveCfg = Release|Any CPU
		{E4BFF76B-27DE-4DB4-8286-A855CE24C13A}.Release|x86.Build.0 = Release|Any CPU
	EndGlobalSection
	GlobalSection(SolutionProperties) = preSolution
		HideSolutionNode = FALSE
	EndGlobalSection
EndGlobal
